{
  "nodes": {
    "bash-strict-mode": {
      "inputs": {
        "flake-utils": "flake-utils",
        "flaky": "flaky",
        "nixpkgs": [
          "nixpkgs"
        ],
        "project-manager": "project-manager",
        "shellcheck-nix-attributes": "shellcheck-nix-attributes"
      },
      "locked": {
        "lastModified": 1697522242,
        "narHash": "sha256-tyd8/tRFyFvms92p9nywdWvmHTcconkckD8XYnWuiW4=",
        "owner": "sellout",
        "repo": "bash-strict-mode",
        "rev": "fb4448ea4d0b62df032e29ecc46993bf8fa8ef48",
        "type": "github"
      },
      "original": {
        "owner": "sellout",
        "repo": "bash-strict-mode",
        "type": "github"
      }
    },
    "flake-schemas": {
      "locked": {
        "lastModified": 1693615451,
        "narHash": "sha256-rrZipq8J+g+LFWMC0+M0R8+NnZoDdrLHDahcvxh8mgA=",
        "owner": "DeterminateSystems",
        "repo": "flake-schemas",
        "rev": "cfd7826aabef39c337eb79053d0253f446c1c817",
        "type": "github"
      },
      "original": {
        "owner": "DeterminateSystems",
        "ref": "support-nixos-modules",
        "repo": "flake-schemas",
        "type": "github"
      }
    },
    "flake-schemas_2": {
      "locked": {
        "lastModified": 1693615451,
        "narHash": "sha256-rrZipq8J+g+LFWMC0+M0R8+NnZoDdrLHDahcvxh8mgA=",
        "owner": "DeterminateSystems",
        "repo": "flake-schemas",
        "rev": "cfd7826aabef39c337eb79053d0253f446c1c817",
        "type": "github"
      },
      "original": {
        "owner": "DeterminateSystems",
        "ref": "support-nixos-modules",
        "repo": "flake-schemas",
        "type": "github"
      }
    },
    "flake-utils": {
      "inputs": {
        "systems": "systems"
      },
      "locked": {
        "lastModified": 1694529238,
        "narHash": "sha256-zsNZZGTGnMOf9YpHKJqMSsa0dXbfmxeoJ7xHlrt+xmY=",
        "owner": "numtide",
        "repo": "flake-utils",
        "rev": "ff7b65b44d01cf9ba6a71320833626af21126384",
        "type": "github"
      },
      "original": {
        "owner": "numtide",
        "repo": "flake-utils",
        "type": "github"
      }
    },
    "flake-utils_2": {
      "inputs": {
        "systems": "systems_2"
      },
      "locked": {
        "lastModified": 1694529238,
        "narHash": "sha256-zsNZZGTGnMOf9YpHKJqMSsa0dXbfmxeoJ7xHlrt+xmY=",
        "owner": "numtide",
        "repo": "flake-utils",
        "rev": "ff7b65b44d01cf9ba6a71320833626af21126384",
        "type": "github"
      },
      "original": {
        "owner": "numtide",
        "repo": "flake-utils",
        "type": "github"
      }
    },
    "flake-utils_3": {
      "inputs": {
        "systems": "systems_3"
      },
      "locked": {
        "lastModified": 1694529238,
        "narHash": "sha256-zsNZZGTGnMOf9YpHKJqMSsa0dXbfmxeoJ7xHlrt+xmY=",
        "owner": "numtide",
        "repo": "flake-utils",
        "rev": "ff7b65b44d01cf9ba6a71320833626af21126384",
        "type": "github"
      },
      "original": {
        "owner": "numtide",
        "repo": "flake-utils",
        "type": "github"
      }
    },
    "flaky": {
      "inputs": {
        "bash-strict-mode": [
          "bash-strict-mode"
        ],
        "flake-utils": [
          "bash-strict-mode",
          "flake-utils"
        ],
        "home-manager": "home-manager",
        "nixpkgs": "nixpkgs",
        "project-manager": [
          "bash-strict-mode",
          "project-manager"
        ]
      },
      "locked": {
        "lastModified": 1697480730,
        "narHash": "sha256-Q7OqzBCcAtDVEIGLqux61k5ZCOfbRdNehnYl923HRu4=",
        "owner": "sellout",
        "repo": "flaky",
        "rev": "f58ece2200034bfa078bdaffd696afb7978bf080",
        "type": "github"
      },
      "original": {
        "owner": "sellout",
        "repo": "flaky",
        "type": "github"
      }
    },
    "flaky_2": {
      "inputs": {
        "bash-strict-mode": [
          "bash-strict-mode"
        ],
        "flake-utils": [
          "flake-utils"
        ],
        "home-manager": "home-manager_2",
        "nixpkgs": [
          "nixpkgs"
        ],
        "project-manager": [
          "project-manager"
        ]
      },
      "locked": {
        "lastModified": 1697595995,
        "narHash": "sha256-W93AYD1WFPJnFNUse7nf//rQB+HPN6TkqfndHwTGgAY=",
        "owner": "sellout",
        "repo": "flaky",
        "rev": "65e583f8faac7584794bfc500d61cbcda55194e8",
        "type": "github"
      },
      "original": {
        "owner": "sellout",
        "repo": "flaky",
        "type": "github"
      }
    },
    "home-manager": {
      "inputs": {
        "nixpkgs": [
          "bash-strict-mode",
          "flaky",
          "nixpkgs"
        ]
      },
      "locked": {
        "lastModified": 1695108154,
        "narHash": "sha256-gSg7UTVtls2yO9lKtP0yb66XBHT1Fx5qZSZbGMpSn2c=",
        "owner": "nix-community",
        "repo": "home-manager",
        "rev": "07682fff75d41f18327a871088d20af2710d4744",
        "type": "github"
      },
      "original": {
        "owner": "nix-community",
        "ref": "release-23.05",
        "repo": "home-manager",
        "type": "github"
      }
    },
    "home-manager_2": {
      "inputs": {
        "nixpkgs": [
          "flaky",
          "nixpkgs"
        ]
      },
      "locked": {
        "lastModified": 1695108154,
        "narHash": "sha256-gSg7UTVtls2yO9lKtP0yb66XBHT1Fx5qZSZbGMpSn2c=",
        "owner": "nix-community",
        "repo": "home-manager",
        "rev": "07682fff75d41f18327a871088d20af2710d4744",
        "type": "github"
      },
      "original": {
        "owner": "nix-community",
        "ref": "release-23.05",
        "repo": "home-manager",
        "type": "github"
      }
    },
    "nixpkgs": {
      "locked": {
        "lastModified": 1697139315,
        "narHash": "sha256-ZPSCD9xgGZnC1QFG//20x9GbFYSaD/PRbsrJeicIxG4=",
        "owner": "NixOS",
        "repo": "nixpkgs",
        "rev": "2cf989d481c75369d575a53cafececff1386458c",
        "type": "github"
      },
      "original": {
        "owner": "NixOS",
        "ref": "release-23.05",
        "repo": "nixpkgs",
        "type": "github"
      }
    },
    "nixpkgs_2": {
      "locked": {
        "lastModified": 1697583813,
        "narHash": "sha256-SRXK2EBMZHlOAs/5bjphhX9XnIKR6peTV6i7yoL6/Lg=",
        "owner": "NixOS",
        "repo": "nixpkgs",
        "rev": "b5f8ec6be261dfc44c3b56b220e2793d1b61512b",
        "type": "github"
      },
      "original": {
        "owner": "NixOS",
        "ref": "release-23.05",
        "repo": "nixpkgs",
        "type": "github"
      }
    },
    "project-manager": {
      "inputs": {
        "bash-strict-mode": [
          "bash-strict-mode"
        ],
        "flake-schemas": "flake-schemas",
        "flake-utils": [
          "bash-strict-mode",
          "flake-utils"
        ],
        "nixpkgs": [
          "bash-strict-mode",
          "nixpkgs"
        ],
        "treefmt-nix": "treefmt-nix"
      },
      "locked": {
        "lastModified": 1697074341,
        "narHash": "sha256-LAYp2Tk9+DI/XaZ+2yvjXgfNFeoPwsolykqTyy3aokc=",
        "owner": "sellout",
        "repo": "project-manager",
        "rev": "7968f7fae539579adde361882946fc0ed64d60e4",
        "type": "github"
      },
      "original": {
        "owner": "sellout",
        "repo": "project-manager",
        "type": "github"
      }
    },
    "project-manager_2": {
      "inputs": {
        "bash-strict-mode": [
          "bash-strict-mode"
        ],
        "flake-schemas": "flake-schemas_2",
        "flake-utils": "flake-utils_3",
        "nixpkgs": [
          "nixpkgs"
        ],
        "treefmt-nix": "treefmt-nix_2"
      },
      "locked": {
        "lastModified": 1697074341,
        "narHash": "sha256-LAYp2Tk9+DI/XaZ+2yvjXgfNFeoPwsolykqTyy3aokc=",
        "owner": "sellout",
        "repo": "project-manager",
        "rev": "7968f7fae539579adde361882946fc0ed64d60e4",
        "type": "github"
      },
      "original": {
        "owner": "sellout",
        "repo": "project-manager",
        "type": "github"
      }
    },
    "root": {
      "inputs": {
        "bash-strict-mode": "bash-strict-mode",
        "flake-utils": "flake-utils_2",
        "flaky": "flaky_2",
        "nixpkgs": "nixpkgs_2",
        "project-manager": "project-manager_2"
      }
    },
    "shellcheck-nix-attributes": {
      "flake": false,
      "locked": {
        "lastModified": 1586929030,
        "narHash": "sha256-a0WyWaz+nMYFWI43Ip9EUnPuBW0O4EIiTzYZKGqNjss=",
        "owner": "Fuuzetsu",
        "repo": "shellcheck-nix-attributes",
        "rev": "51b49d5fe65ece69eb5e2003396bf096083ec281",
        "type": "github"
      },
      "original": {
        "owner": "Fuuzetsu",
        "repo": "shellcheck-nix-attributes",
        "type": "github"
      }
    },
    "systems": {
      "locked": {
        "lastModified": 1681028828,
        "narHash": "sha256-Vy1rq5AaRuLzOxct8nz4T6wlgyUR7zLU309k9mBC768=",
        "owner": "nix-systems",
        "repo": "default",
        "rev": "da67096a3b9bf56a91d16901293e51ba5b49a27e",
        "type": "github"
      },
      "original": {
        "owner": "nix-systems",
        "repo": "default",
        "type": "github"
      }
    },
    "systems_2": {
      "locked": {
        "lastModified": 1681028828,
        "narHash": "sha256-Vy1rq5AaRuLzOxct8nz4T6wlgyUR7zLU309k9mBC768=",
        "owner": "nix-systems",
        "repo": "default",
        "rev": "da67096a3b9bf56a91d16901293e51ba5b49a27e",
        "type": "github"
      },
      "original": {
        "owner": "nix-systems",
        "repo": "default",
        "type": "github"
      }
    },
    "systems_3": {
      "locked": {
        "lastModified": 1681028828,
        "narHash": "sha256-Vy1rq5AaRuLzOxct8nz4T6wlgyUR7zLU309k9mBC768=",
        "owner": "nix-systems",
        "repo": "default",
        "rev": "da67096a3b9bf56a91d16901293e51ba5b49a27e",
        "type": "github"
      },
      "original": {
        "owner": "nix-systems",
        "repo": "default",
        "type": "github"
      }
    },
    "treefmt-nix": {
      "inputs": {
        "nixpkgs": [
          "bash-strict-mode",
          "project-manager",
          "nixpkgs"
        ]
      },
      "locked": {
        "lastModified": 1695822946,
        "narHash": "sha256-IQU3fYo0H+oGlqX5YrgZU3VRhbt2Oqe6KmslQKUO4II=",
        "owner": "numtide",
        "repo": "treefmt-nix",
        "rev": "720bd006d855b08e60664e4683ccddb7a9ff614a",
        "type": "github"
      },
      "original": {
        "owner": "numtide",
        "repo": "treefmt-nix",
        "type": "github"
      }
    },
    "treefmt-nix_2": {
      "inputs": {
        "nixpkgs": [
          "project-manager",
          "nixpkgs"
        ]
      },
      "locked": {
        "lastModified": 1695822946,
        "narHash": "sha256-IQU3fYo0H+oGlqX5YrgZU3VRhbt2Oqe6KmslQKUO4II=",
        "owner": "numtide",
        "repo": "treefmt-nix",
        "rev": "720bd006d855b08e60664e4683ccddb7a9ff614a",
        "type": "github"
      },
      "original": {
        "owner": "numtide",
        "repo": "treefmt-nix",
        "type": "github"
      }
    }
  },
  "root": "root",
  "version": 7
}
